
Microsoft Visual Studio Solution File, Format Version 12.00
# Visual Studio Version 17
VisualStudioVersion = 17.12.35527.113 d17.12
MinimumVisualStudioVersion = 10.0.40219.1
Project("{FAE04EC0-301F-11D3-BF4B-00C04F79EFBC}") = "DevBook.API", "DevBook.API\DevBook.API.csproj", "{9C032495-CAAF-4264-A1DC-0DDD93F11072}"
EndProject
Global
	GlobalSection(SolutionConfigurationPlatforms) = preSolution
		Debug|Any CPU = Debug|Any CPU
		Release|Any CPU = Release|Any CPU
	EndGlobalSection
	GlobalSection(ProjectConfigurationPlatforms) = postSolution
		{9C032495-CAAF-4264-A1DC-0DDD93F11072}.Debug|Any CPU.ActiveCfg = Debug|Any CPU
		{9C032495-CAAF-4264-A1DC-0DDD93F11072}.Debug|Any CPU.Build.0 = Debug|Any CPU
		{9C032495-CAAF-4264-A1DC-0DDD93F11072}.Release|Any CPU.ActiveCfg = Release|Any CPU
		{9C032495-CAAF-4264-A1DC-0DDD93F11072}.Release|Any CPU.Build.0 = Release|Any CPU
	EndGlobalSection
	GlobalSection(SolutionProperties) = preSolution
		HideSolutionNode = FALSE
	EndGlobalSection
EndGlobal
